
Microsoft Visual Studio Solution File, Format Version 12.00
# Visual Studio Version 16
VisualStudioVersion = 16.0.29025.244
MinimumVisualStudioVersion = 10.0.40219.1
Project("{FAE04EC0-301F-11D3-BF4B-00C04F79EFBC}") = "RPSLS", "RPSLS.csproj", "{CAB8E16D-D091-43EC-B78D-60D9DB047456}"
EndProject
Global
	GlobalSection(SolutionConfigurationPlatforms) = preSolution
		Debug|Any CPU = Debug|Any CPU
		Release|Any CPU = Release|Any CPU
	EndGlobalSection
	GlobalSection(ProjectConfigurationPlatforms) = postSolution
		{CAB8E16D-D091-43EC-B78D-60D9DB047456}.Debug|Any CPU.ActiveCfg = Debug|Any CPU
		{CAB8E16D-D091-43EC-B78D-60D9DB047456}.Debug|Any CPU.Build.0 = Debug|Any CPU
		{CAB8E16D-D091-43EC-B78D-60D9DB047456}.Release|Any CPU.ActiveCfg = Release|Any CPU
		{CAB8E16D-D091-43EC-B78D-60D9DB047456}.Release|Any CPU.Build.0 = Release|Any CPU
	EndGlobalSection
	GlobalSection(SolutionProperties) = preSolution
		HideSolutionNode = FALSE
	EndGlobalSection
	GlobalSection(ExtensibilityGlobals) = postSolution
		SolutionGuid = {17F5A01C-CEE0-46BC-A041-9D25E7D95808}
	EndGlobalSection
EndGlobal
